
Microsoft Visual Studio Solution File, Format Version 12.00
# Visual Studio Version 17
VisualStudioVersion = 17.5.33530.505
MinimumVisualStudioVersion = 10.0.40219.1
Project("{8BC9CEB8-8B4A-11D0-8D11-00A0C91BC942}") = "Main_Arguments", "Main_Arguments.vcxproj", "{B18A2198-5AF1-4FE2-AC8C-89659B5EFE50}"
EndProject
Global
	GlobalSection(SolutionConfigurationPlatforms) = preSolution
		Debug|x64 = Debug|x64
		Debug|x86 = Debug|x86
		Release|x64 = Release|x64
		Release|x86 = Release|x86
	EndGlobalSection
	GlobalSection(ProjectConfigurationPlatforms) = postSolution
		{B18A2198-5AF1-4FE2-AC8C-89659B5EFE50}.Debug|x64.ActiveCfg = Debug|x64
		{B18A2198-5AF1-4FE2-AC8C-89659B5EFE50}.Debug|x64.Build.0 = Debug|x64
		{B18A2198-5AF1-4FE2-AC8C-89659B5EFE50}.Debug|x86.ActiveCfg = Debug|Win32
		{B18A2198-5AF1-4FE2-AC8C-89659B5EFE50}.Debug|x86.Build.0 = Debug|Win32
		{B18A2198-5AF1-4FE2-AC8C-89659B5EFE50}.Release|x64.ActiveCfg = Release|x64
		{B18A2198-5AF1-4FE2-AC8C-89659B5EFE50}.Release|x64.Build.0 = Release|x64
		{B18A2198-5AF1-4FE2-AC8C-89659B5EFE50}.Release|x86.ActiveCfg = Release|Win32
		{B18A2198-5AF1-4FE2-AC8C-89659B5EFE50}.Release|x86.Build.0 = Release|Win32
	EndGlobalSection
	GlobalSection(SolutionProperties) = preSolution
		HideSolutionNode = FALSE
	EndGlobalSection
	GlobalSection(ExtensibilityGlobals) = postSolution
		SolutionGuid = {C47EBD37-D619-4F4C-983D-63CC7F36866C}
	EndGlobalSection
EndGlobal
